
Microsoft Visual Studio Solution File, Format Version 12.00
# Visual Studio Version 16
VisualStudioVersion = 16.0.30804.86
MinimumVisualStudioVersion = 10.0.40219.1
Project("{FAE04EC0-301F-11D3-BF4B-00C04F79EFBC}") = "Jan_21_LW_1_T_3", "Jan_21_LW_1_T_3\Jan_21_LW_1_T_3.csproj", "{3BD61AE1-2C2C-49AB-AFB2-05EA2B46130A}"
EndProject
Global
	GlobalSection(SolutionConfigurationPlatforms) = preSolution
		Debug|Any CPU = Debug|Any CPU
		Release|Any CPU = Release|Any CPU
	EndGlobalSection
	GlobalSection(ProjectConfigurationPlatforms) = postSolution
		{3BD61AE1-2C2C-49AB-AFB2-05EA2B46130A}.Debug|Any CPU.ActiveCfg = Debug|Any CPU
		{3BD61AE1-2C2C-49AB-AFB2-05EA2B46130A}.Debug|Any CPU.Build.0 = Debug|Any CPU
		{3BD61AE1-2C2C-49AB-AFB2-05EA2B46130A}.Release|Any CPU.ActiveCfg = Release|Any CPU
		{3BD61AE1-2C2C-49AB-AFB2-05EA2B46130A}.Release|Any CPU.Build.0 = Release|Any CPU
	EndGlobalSection
	GlobalSection(SolutionProperties) = preSolution
		HideSolutionNode = FALSE
	EndGlobalSection
	GlobalSection(ExtensibilityGlobals) = postSolution
		SolutionGuid = {DFE33AC1-BA2B-44B1-B5CC-0F530DB5AED1}
	EndGlobalSection
EndGlobal
